// !$*UTF8*$!
{
	archiveVersion = 1;
	classes = {
	};
	objectVersion = 50;
	objects = {

/* Begin PBXBuildFile section */
		647B52D2262F54C6008F6CE4 /* instacloneApp.swift in Sources */ = {isa = PBXBuildFile; fileRef = 647B52D1262F54C6008F6CE4 /* instacloneApp.swift */; };
		647B52D6262F54C7008F6CE4 /* Assets.xcassets in Resources */ = {isa = PBXBuildFile; fileRef = 647B52D5262F54C7008F6CE4 /* Assets.xcassets */; };
		647B52D9262F54C7008F6CE4 /* Preview Assets.xcassets in Resources */ = {isa = PBXBuildFile; fileRef = 647B52D8262F54C7008F6CE4 /* Preview Assets.xcassets */; };
		647B52EC262F5691008F6CE4 /* ContentView.swift in Sources */ = {isa = PBXBuildFile; fileRef = 647B52EB262F5691008F6CE4 /* ContentView.swift */; };
		647B52FB262F5830008F6CE4 /* MainTabView.swift in Sources */ = {isa = PBXBuildFile; fileRef = 647B52FA262F5830008F6CE4 /* MainTabView.swift */; };
		647B52FF262F58AC008F6CE4 /* FeedView.swift in Sources */ = {isa = PBXBuildFile; fileRef = 647B52FE262F58AC008F6CE4 /* FeedView.swift */; };
		647B5302262F58D3008F6CE4 /* SearchView.swift in Sources */ = {isa = PBXBuildFile; fileRef = 647B5301262F58D3008F6CE4 /* SearchView.swift */; };
		647B5305262F58ED008F6CE4 /* NotificationsView.swift in Sources */ = {isa = PBXBuildFile; fileRef = 647B5304262F58ED008F6CE4 /* NotificationsView.swift */; };
		647B5308262F590D008F6CE4 /* ProfileView.swift in Sources */ = {isa = PBXBuildFile; fileRef = 647B5307262F590D008F6CE4 /* ProfileView.swift */; };
		647B530B262F592A008F6CE4 /* UploadPostView.swift in Sources */ = {isa = PBXBuildFile; fileRef = 647B530A262F592A008F6CE4 /* UploadPostView.swift */; };
		647B530E2630D80B008F6CE4 /* Feedcell.swift in Sources */ = {isa = PBXBuildFile; fileRef = 647B530D2630D80B008F6CE4 /* Feedcell.swift */; };
		647B531126321BBF008F6CE4 /* SearchBar.swift in Sources */ = {isa = PBXBuildFile; fileRef = 647B531026321BBF008F6CE4 /* SearchBar.swift */; };
		647B531426322422008F6CE4 /* PostGridView.swift in Sources */ = {isa = PBXBuildFile; fileRef = 647B531326322422008F6CE4 /* PostGridView.swift */; };
		647B531726322736008F6CE4 /* UserListView.swift in Sources */ = {isa = PBXBuildFile; fileRef = 647B531626322736008F6CE4 /* UserListView.swift */; };
		647B531A26322746008F6CE4 /* UserCell.swift in Sources */ = {isa = PBXBuildFile; fileRef = 647B531926322746008F6CE4 /* UserCell.swift */; };
		647B531D263329AC008F6CE4 /* Extensions.swift in Sources */ = {isa = PBXBuildFile; fileRef = 647B531C263329AC008F6CE4 /* Extensions.swift */; };
/* End PBXBuildFile section */

/* Begin PBXFileReference section */
		647B52CE262F54C6008F6CE4 /* instaclone.app */ = {isa = PBXFileReference; explicitFileType = wrapper.application; includeInIndex = 0; path = instaclone.app; sourceTree = BUILT_PRODUCTS_DIR; };
		647B52D1262F54C6008F6CE4 /* instacloneApp.swift */ = {isa = PBXFileReference; lastKnownFileType = sourcecode.swift; path = instacloneApp.swift; sourceTree = "<group>"; };
		647B52D5262F54C7008F6CE4 /* Assets.xcassets */ = {isa = PBXFileReference; lastKnownFileType = folder.assetcatalog; path = Assets.xcassets; sourceTree = "<group>"; };
		647B52D8262F54C7008F6CE4 /* Preview Assets.xcassets */ = {isa = PBXFileReference; lastKnownFileType = folder.assetcatalog; path = "Preview Assets.xcassets"; sourceTree = "<group>"; };
		647B52DA262F54C7008F6CE4 /* Info.plist */ = {isa = PBXFileReference; lastKnownFileType = text.plist.xml; path = Info.plist; sourceTree = "<group>"; };
		647B52EB262F5691008F6CE4 /* ContentView.swift */ = {isa = PBXFileReference; lastKnownFileType = sourcecode.swift; path = ContentView.swift; sourceTree = "<group>"; };
		647B52FA262F5830008F6CE4 /* MainTabView.swift */ = {isa = PBXFileReference; lastKnownFileType = sourcecode.swift; path = MainTabView.swift; sourceTree = "<group>"; };
		647B52FE262F58AC008F6CE4 /* FeedView.swift */ = {isa = PBXFileReference; lastKnownFileType = sourcecode.swift; path = FeedView.swift; sourceTree = "<group>"; };
		647B5301262F58D3008F6CE4 /* SearchView.swift */ = {isa = PBXFileReference; lastKnownFileType = sourcecode.swift; path = SearchView.swift; sourceTree = "<group>"; };
		647B5304262F58ED008F6CE4 /* NotificationsView.swift */ = {isa = PBXFileReference; lastKnownFileType = sourcecode.swift; path = NotificationsView.swift; sourceTree = "<group>"; };
		647B5307262F590D008F6CE4 /* ProfileView.swift */ = {isa = PBXFileReference; lastKnownFileType = sourcecode.swift; path = ProfileView.swift; sourceTree = "<group>"; };
		647B530A262F592A008F6CE4 /* UploadPostView.swift */ = {isa = PBXFileReference; lastKnownFileType = sourcecode.swift; path = UploadPostView.swift; sourceTree = "<group>"; };
		647B530D2630D80B008F6CE4 /* Feedcell.swift */ = {isa = PBXFileReference; lastKnownFileType = sourcecode.swift; path = Feedcell.swift; sourceTree = "<group>"; };
		647B531026321BBF008F6CE4 /* SearchBar.swift */ = {isa = PBXFileReference; lastKnownFileType = sourcecode.swift; path = SearchBar.swift; sourceTree = "<group>"; };
		647B531326322422008F6CE4 /* PostGridView.swift */ = {isa = PBXFileReference; lastKnownFileType = sourcecode.swift; path = PostGridView.swift; sourceTree = "<group>"; };
		647B531626322736008F6CE4 /* UserListView.swift */ = {isa = PBXFileReference; lastKnownFileType = sourcecode.swift; path = UserListView.swift; sourceTree = "<group>"; };
		647B531926322746008F6CE4 /* UserCell.swift */ = {isa = PBXFileReference; lastKnownFileType = sourcecode.swift; path = UserCell.swift; sourceTree = "<group>"; };
		647B531C263329AC008F6CE4 /* Extensions.swift */ = {isa = PBXFileReference; lastKnownFileType = sourcecode.swift; path = Extensions.swift; sourceTree = "<group>"; };
/* End PBXFileReference section */

/* Begin PBXFrameworksBuildPhase section */
		647B52CB262F54C6008F6CE4 /* Frameworks */ = {
			isa = PBXFrameworksBuildPhase;
			buildActionMask = 2147483647;
			files = (
			);
			runOnlyForDeploymentPostprocessing = 0;
		};
/* End PBXFrameworksBuildPhase section */

/* Begin PBXGroup section */
		647B52C5262F54C6008F6CE4 = {
			isa = PBXGroup;
			children = (
				647B52D0262F54C6008F6CE4 /* instaclone */,
				647B52CF262F54C6008F6CE4 /* Products */,
			);
			sourceTree = "<group>";
		};
		647B52CF262F54C6008F6CE4 /* Products */ = {
			isa = PBXGroup;
			children = (
				647B52CE262F54C6008F6CE4 /* instaclone.app */,
			);
			name = Products;
			sourceTree = "<group>";
		};
		647B52D0262F54C6008F6CE4 /* instaclone */ = {
			isa = PBXGroup;
			children = (
				647B52E5262F55E0008F6CE4 /* Model */,
				647B52E4262F55DE008F6CE4 /* View */,
				647B52E3262F55DB008F6CE4 /* ViewModel */,
				647B52E2262F55D9008F6CE4 /* API */,
				647B52E1262F55D6008F6CE4 /* Utils */,
				647B52D1262F54C6008F6CE4 /* instacloneApp.swift */,
				647B52D5262F54C7008F6CE4 /* Assets.xcassets */,
				647B52DA262F54C7008F6CE4 /* Info.plist */,
				647B52D7262F54C7008F6CE4 /* Preview Content */,
			);
			path = instaclone;
			sourceTree = "<group>";
		};
		647B52D7262F54C7008F6CE4 /* Preview Content */ = {
			isa = PBXGroup;
			children = (
				647B52D8262F54C7008F6CE4 /* Preview Assets.xcassets */,
			);
			path = "Preview Content";
			sourceTree = "<group>";
		};
		647B52E1262F55D6008F6CE4 /* Utils */ = {
			isa = PBXGroup;
			children = (
				647B531C263329AC008F6CE4 /* Extensions.swift */,
			);
			path = Utils;
			sourceTree = "<group>";
		};
		647B52E2262F55D9008F6CE4 /* API */ = {
			isa = PBXGroup;
			children = (
			);
			path = API;
			sourceTree = "<group>";
		};
		647B52E3262F55DB008F6CE4 /* ViewModel */ = {
			isa = PBXGroup;
			children = (
				647B52F9262F5782008F6CE4 /* Profile */,
				647B52F8262F5776008F6CE4 /* Authentication */,
				647B52F7262F5769008F6CE4 /* Notifications */,
				647B52F6262F5764008F6CE4 /* Feed */,
			);
			path = ViewModel;
			sourceTree = "<group>";
		};
		647B52E4262F55DE008F6CE4 /* View */ = {
			isa = PBXGroup;
			children = (
				647B52F5262F5711008F6CE4 /* ReusableItems */,
				647B52F4262F56F7008F6CE4 /* Authentication */,
				647B52F3262F56E9008F6CE4 /* Notifications */,
				647B52F2262F56DE008F6CE4 /* Search */,
				647B52F1262F56D4008F6CE4 /* Comments */,
				647B52F0262F56CD008F6CE4 /* Feed */,
				647B52EF262F56C7008F6CE4 /* Profile */,
				647B52EE262F56BC008F6CE4 /* UploadPost */,
				647B52E6262F564D008F6CE4 /* Main */,
			);
			path = View;
			sourceTree = "<group>";
		};
		647B52E5262F55E0008F6CE4 /* Model */ = {
			isa = PBXGroup;
			children = (
			);
			path = Model;
			sourceTree = "<group>";
		};
		647B52E6262F564D008F6CE4 /* Main */ = {
			isa = PBXGroup;
			children = (
				647B52EB262F5691008F6CE4 /* ContentView.swift */,
				647B52FA262F5830008F6CE4 /* MainTabView.swift */,
			);
			path = Main;
			sourceTree = "<group>";
		};
		647B52EE262F56BC008F6CE4 /* UploadPost */ = {
			isa = PBXGroup;
			children = (
				647B530A262F592A008F6CE4 /* UploadPostView.swift */,
			);
			path = UploadPost;
			sourceTree = "<group>";
		};
		647B52EF262F56C7008F6CE4 /* Profile */ = {
			isa = PBXGroup;
			children = (
				647B5307262F590D008F6CE4 /* ProfileView.swift */,
			);
			path = Profile;
			sourceTree = "<group>";
		};
		647B52F0262F56CD008F6CE4 /* Feed */ = {
			isa = PBXGroup;
			children = (
				647B52FE262F58AC008F6CE4 /* FeedView.swift */,
				647B530D2630D80B008F6CE4 /* Feedcell.swift */,
			);
			path = Feed;
			sourceTree = "<group>";
		};
		647B52F1262F56D4008F6CE4 /* Comments */ = {
			isa = PBXGroup;
			children = (
			);
			path = Comments;
			sourceTree = "<group>";
		};
		647B52F2262F56DE008F6CE4 /* Search */ = {
			isa = PBXGroup;
			children = (
				647B5301262F58D3008F6CE4 /* SearchView.swift */,
				647B531026321BBF008F6CE4 /* SearchBar.swift */,
			);
			path = Search;
			sourceTree = "<group>";
		};
		647B52F3262F56E9008F6CE4 /* Notifications */ = {
			isa = PBXGroup;
			children = (
				647B5304262F58ED008F6CE4 /* NotificationsView.swift */,
			);
			path = Notifications;
			sourceTree = "<group>";
		};
		647B52F4262F56F7008F6CE4 /* Authentication */ = {
			isa = PBXGroup;
			children = (
			);
			path = Authentication;
			sourceTree = "<group>";
		};
		647B52F5262F5711008F6CE4 /* ReusableItems */ = {
			isa = PBXGroup;
			children = (
				647B531326322422008F6CE4 /* PostGridView.swift */,
				647B531626322736008F6CE4 /* UserListView.swift */,
				647B531926322746008F6CE4 /* UserCell.swift */,
			);
			path = ReusableItems;
			sourceTree = "<group>";
		};
		647B52F6262F5764008F6CE4 /* Feed */ = {
			isa = PBXGroup;
			children = (
			);
			path = Feed;
			sourceTree = "<group>";
		};
		647B52F7262F5769008F6CE4 /* Notifications */ = {
			isa = PBXGroup;
			children = (
			);
			path = Notifications;
			sourceTree = "<group>";
		};
		647B52F8262F5776008F6CE4 /* Authentication */ = {
			isa = PBXGroup;
			children = (
			);
			path = Authentication;
			sourceTree = "<group>";
		};
		647B52F9262F5782008F6CE4 /* Profile */ = {
			isa = PBXGroup;
			children = (
			);
			path = Profile;
			sourceTree = "<group>";
		};
/* End PBXGroup section */

/* Begin PBXNativeTarget section */
		647B52CD262F54C6008F6CE4 /* instaclone */ = {
			isa = PBXNativeTarget;
			buildConfigurationList = 647B52DD262F54C7008F6CE4 /* Build configuration list for PBXNativeTarget "instaclone" */;
			buildPhases = (
				647B52CA262F54C6008F6CE4 /* Sources */,
				647B52CB262F54C6008F6CE4 /* Frameworks */,
				647B52CC262F54C6008F6CE4 /* Resources */,
			);
			buildRules = (
			);
			dependencies = (
			);
			name = instaclone;
			productName = instaclone;
			productReference = 647B52CE262F54C6008F6CE4 /* instaclone.app */;
			productType = "com.apple.product-type.application";
		};
/* End PBXNativeTarget section */

/* Begin PBXProject section */
		647B52C6262F54C6008F6CE4 /* Project object */ = {
			isa = PBXProject;
			attributes = {
				LastSwiftUpdateCheck = 1240;
				LastUpgradeCheck = 1240;
				TargetAttributes = {
					647B52CD262F54C6008F6CE4 = {
						CreatedOnToolsVersion = 12.4;
					};
				};
			};
			buildConfigurationList = 647B52C9262F54C6008F6CE4 /* Build configuration list for PBXProject "instaclone" */;
			compatibilityVersion = "Xcode 9.3";
			developmentRegion = en;
			hasScannedForEncodings = 0;
			knownRegions = (
				en,
				Base,
			);
			mainGroup = 647B52C5262F54C6008F6CE4;
			productRefGroup = 647B52CF262F54C6008F6CE4 /* Products */;
			projectDirPath = "";
			projectRoot = "";
			targets = (
				647B52CD262F54C6008F6CE4 /* instaclone */,
			);
		};
/* End PBXProject section */

/* Begin PBXResourcesBuildPhase section */
		647B52CC262F54C6008F6CE4 /* Resources */ = {
			isa = PBXResourcesBuildPhase;
			buildActionMask = 2147483647;
			files = (
				647B52D9262F54C7008F6CE4 /* Preview Assets.xcassets in Resources */,
				647B52D6262F54C7008F6CE4 /* Assets.xcassets in Resources */,
			);
			runOnlyForDeploymentPostprocessing = 0;
		};
/* End PBXResourcesBuildPhase section */

/* Begin PBXSourcesBuildPhase section */
		647B52CA262F54C6008F6CE4 /* Sources */ = {
			isa = PBXSourcesBuildPhase;
			buildActionMask = 2147483647;
			files = (
				647B5302262F58D3008F6CE4 /* SearchView.swift in Sources */,
				647B531A26322746008F6CE4 /* UserCell.swift in Sources */,
				647B530E2630D80B008F6CE4 /* Feedcell.swift in Sources */,
				647B531426322422008F6CE4 /* PostGridView.swift in Sources */,
				647B52FF262F58AC008F6CE4 /* FeedView.swift in Sources */,
				647B52D2262F54C6008F6CE4 /* instacloneApp.swift in Sources */,
				647B52EC262F5691008F6CE4 /* ContentView.swift in Sources */,
				647B52FB262F5830008F6CE4 /* MainTabView.swift in Sources */,
				647B531726322736008F6CE4 /* UserListView.swift in Sources */,
				647B530B262F592A008F6CE4 /* UploadPostView.swift in Sources */,
				647B531126321BBF008F6CE4 /* SearchBar.swift in Sources */,
				647B5308262F590D008F6CE4 /* ProfileView.swift in Sources */,
				647B5305262F58ED008F6CE4 /* NotificationsView.swift in Sources */,
				647B531D263329AC008F6CE4 /* Extensions.swift in Sources */,
			);
			runOnlyForDeploymentPostprocessing = 0;
		};
/* End PBXSourcesBuildPhase section */

/* Begin XCBuildConfiguration section */
		647B52DB262F54C7008F6CE4 /* Debug */ = {
			isa = XCBuildConfiguration;
			buildSettings = {
				ALWAYS_SEARCH_USER_PATHS = NO;
				CLANG_ANALYZER_NONNULL = YES;
				CLANG_ANALYZER_NUMBER_OBJECT_CONVERSION = YES_AGGRESSIVE;
				CLANG_CXX_LANGUAGE_STANDARD = "gnu++14";
				CLANG_CXX_LIBRARY = "libc++";
				CLANG_ENABLE_MODULES = YES;
				CLANG_ENABLE_OBJC_ARC = YES;
				CLANG_ENABLE_OBJC_WEAK = YES;
				CLANG_WARN_BLOCK_CAPTURE_AUTORELEASING = YES;
				CLANG_WARN_BOOL_CONVERSION = YES;
				CLANG_WARN_COMMA = YES;
				CLANG_WARN_CONSTANT_CONVERSION = YES;
				CLANG_WARN_DEPRECATED_OBJC_IMPLEMENTATIONS = YES;
				CLANG_WARN_DIRECT_OBJC_ISA_USAGE = YES_ERROR;
				CLANG_WARN_DOCUMENTATION_COMMENTS = YES;
				CLANG_WARN_EMPTY_BODY = YES;
				CLANG_WARN_ENUM_CONVERSION = YES;
				CLANG_WARN_INFINITE_RECURSION = YES;
				CLANG_WARN_INT_CONVERSION = YES;
				CLANG_WARN_NON_LITERAL_NULL_CONVERSION = YES;
				CLANG_WARN_OBJC_IMPLICIT_RETAIN_SELF = YES;
				CLANG_WARN_OBJC_LITERAL_CONVERSION = YES;
				CLANG_WARN_OBJC_ROOT_CLASS = YES_ERROR;
				CLANG_WARN_QUOTED_INCLUDE_IN_FRAMEWORK_HEADER = YES;
				CLANG_WARN_RANGE_LOOP_ANALYSIS = YES;
				CLANG_WARN_STRICT_PROTOTYPES = YES;
				CLANG_WARN_SUSPICIOUS_MOVE = YES;
				CLANG_WARN_UNGUARDED_AVAILABILITY = YES_AGGRESSIVE;
				CLANG_WARN_UNREACHABLE_CODE = YES;
				CLANG_WARN__DUPLICATE_METHOD_MATCH = YES;
				COPY_PHASE_STRIP = NO;
				DEBUG_INFORMATION_FORMAT = dwarf;
				ENABLE_STRICT_OBJC_MSGSEND = YES;
				ENABLE_TESTABILITY = YES;
				GCC_C_LANGUAGE_STANDARD = gnu11;
				GCC_DYNAMIC_NO_PIC = NO;
				GCC_NO_COMMON_BLOCKS = YES;
				GCC_OPTIMIZATION_LEVEL = 0;
				GCC_PREPROCESSOR_DEFINITIONS = (
					"DEBUG=1",
					"$(inherited)",
				);
				GCC_WARN_64_TO_32_BIT_CONVERSION = YES;
				GCC_WARN_ABOUT_RETURN_TYPE = YES_ERROR;
				GCC_WARN_UNDECLARED_SELECTOR = YES;
				GCC_WARN_UNINITIALIZED_AUTOS = YES_AGGRESSIVE;
				GCC_WARN_UNUSED_FUNCTION = YES;
				GCC_WARN_UNUSED_VARIABLE = YES;
				IPHONEOS_DEPLOYMENT_TARGET = 14.4;
				MTL_ENABLE_DEBUG_INFO = INCLUDE_SOURCE;
				MTL_FAST_MATH = YES;
				ONLY_ACTIVE_ARCH = YES;
				SDKROOT = iphoneos;
				SWIFT_ACTIVE_COMPILATION_CONDITIONS = DEBUG;
				SWIFT_OPTIMIZATION_LEVEL = "-Onone";
			};
			name = Debug;
		};
		647B52DC262F54C7008F6CE4 /* Release */ = {
			isa = XCBuildConfiguration;
			buildSettings = {
				ALWAYS_SEARCH_USER_PATHS = NO;
				CLANG_ANALYZER_NONNULL = YES;
				CLANG_ANALYZER_NUMBER_OBJECT_CONVERSION = YES_AGGRESSIVE;
				CLANG_CXX_LANGUAGE_STANDARD = "gnu++14";
				CLANG_CXX_LIBRARY = "libc++";
				CLANG_ENABLE_MODULES = YES;
				CLANG_ENABLE_OBJC_ARC = YES;
				CLANG_ENABLE_OBJC_WEAK = YES;
				CLANG_WARN_BLOCK_CAPTURE_AUTORELEASING = YES;
				CLANG_WARN_BOOL_CONVERSION = YES;
				CLANG_WARN_COMMA = YES;
				CLANG_WARN_CONSTANT_CONVERSION = YES;
				CLANG_WARN_DEPRECATED_OBJC_IMPLEMENTATIONS = YES;
				CLANG_WARN_DIRECT_OBJC_ISA_USAGE = YES_ERROR;
				CLANG_WARN_DOCUMENTATION_COMMENTS = YES;
				CLANG_WARN_EMPTY_BODY = YES;
				CLANG_WARN_ENUM_CONVERSION = YES;
				CLANG_WARN_INFINITE_RECURSION = YES;
				CLANG_WARN_INT_CONVERSION = YES;
				CLANG_WARN_NON_LITERAL_NULL_CONVERSION = YES;
				CLANG_WARN_OBJC_IMPLICIT_RETAIN_SELF = YES;
				CLANG_WARN_OBJC_LITERAL_CONVERSION = YES;
				CLANG_WARN_OBJC_ROOT_CLASS = YES_ERROR;
				CLANG_WARN_QUOTED_INCLUDE_IN_FRAMEWORK_HEADER = YES;
				CLANG_WARN_RANGE_LOOP_ANALYSIS = YES;
				CLANG_WARN_STRICT_PROTOTYPES = YES;
				CLANG_WARN_SUSPICIOUS_MOVE = YES;
				CLANG_WARN_UNGUARDED_AVAILABILITY = YES_AGGRESSIVE;
				CLANG_WARN_UNREACHABLE_CODE = YES;
				CLANG_WARN__DUPLICATE_METHOD_MATCH = YES;
				COPY_PHASE_STRIP = NO;
				DEBUG_INFORMATION_FORMAT = "dwarf-with-dsym";
				ENABLE_NS_ASSERTIONS = NO;
				ENABLE_STRICT_OBJC_MSGSEND = YES;
				GCC_C_LANGUAGE_STANDARD = gnu11;
				GCC_NO_COMMON_BLOCKS = YES;
				GCC_WARN_64_TO_32_BIT_CONVERSION = YES;
				GCC_WARN_ABOUT_RETURN_TYPE = YES_ERROR;
				GCC_WARN_UNDECLARED_SELECTOR = YES;
				GCC_WARN_UNINITIALIZED_AUTOS = YES_AGGRESSIVE;
				GCC_WARN_UNUSED_FUNCTION = YES;
				GCC_WARN_UNUSED_VARIABLE = YES;
				IPHONEOS_DEPLOYMENT_TARGET = 14.4;
				MTL_ENABLE_DEBUG_INFO = NO;
				MTL_FAST_MATH = YES;
				SDKROOT = iphoneos;
				SWIFT_COMPILATION_MODE = wholemodule;
				SWIFT_OPTIMIZATION_LEVEL = "-O";
				VALIDATE_PRODUCT = YES;
			};
			name = Release;
		};
		647B52DE262F54C7008F6CE4 /* Debug */ = {
			isa = XCBuildConfiguration;
			buildSettings = {
				ASSETCATALOG_COMPILER_APPICON_NAME = AppIcon;
				ASSETCATALOG_COMPILER_GLOBAL_ACCENT_COLOR_NAME = AccentColor;
				CODE_SIGN_STYLE = Automatic;
				DEVELOPMENT_ASSET_PATHS = "\"instaclone/Preview Content\"";
				ENABLE_PREVIEWS = YES;
				INFOPLIST_FILE = instaclone/Info.plist;
				IPHONEOS_DEPLOYMENT_TARGET = 14.0;
				LD_RUNPATH_SEARCH_PATHS = (
					"$(inherited)",
					"@executable_path/Frameworks",
				);
				PRODUCT_BUNDLE_IDENTIFIER = io.irisida.instaclone;
				PRODUCT_NAME = "$(TARGET_NAME)";
				SWIFT_VERSION = 5.0;
				TARGETED_DEVICE_FAMILY = "1,2";
			};
			name = Debug;
		};
		647B52DF262F54C7008F6CE4 /* Release */ = {
			isa = XCBuildConfiguration;
			buildSettings = {
				ASSETCATALOG_COMPILER_APPICON_NAME = AppIcon;
				ASSETCATALOG_COMPILER_GLOBAL_ACCENT_COLOR_NAME = AccentColor;
				CODE_SIGN_STYLE = Automatic;
				DEVELOPMENT_ASSET_PATHS = "\"instaclone/Preview Content\"";
				ENABLE_PREVIEWS = YES;
				INFOPLIST_FILE = instaclone/Info.plist;
				IPHONEOS_DEPLOYMENT_TARGET = 14.0;
				LD_RUNPATH_SEARCH_PATHS = (
					"$(inherited)",
					"@executable_path/Frameworks",
				);
				PRODUCT_BUNDLE_IDENTIFIER = io.irisida.instaclone;
				PRODUCT_NAME = "$(TARGET_NAME)";
				SWIFT_VERSION = 5.0;
				TARGETED_DEVICE_FAMILY = "1,2";
			};
			name = Release;
		};
/* End XCBuildConfiguration section */

/* Begin XCConfigurationList section */
		647B52C9262F54C6008F6CE4 /* Build configuration list for PBXProject "instaclone" */ = {
			isa = XCConfigurationList;
			buildConfigurations = (
				647B52DB262F54C7008F6CE4 /* Debug */,
				647B52DC262F54C7008F6CE4 /* Release */,
			);
			defaultConfigurationIsVisible = 0;
			defaultConfigurationName = Release;
		};
		647B52DD262F54C7008F6CE4 /* Build configuration list for PBXNativeTarget "instaclone" */ = {
			isa = XCConfigurationList;
			buildConfigurations = (
				647B52DE262F54C7008F6CE4 /* Debug */,
				647B52DF262F54C7008F6CE4 /* Release */,
			);
			defaultConfigurationIsVisible = 0;
			defaultConfigurationName = Release;
		};
/* End XCConfigurationList section */
	};
	rootObject = 647B52C6262F54C6008F6CE4 /* Project object */;
}
